
Microsoft Visual Studio Solution File, Format Version 12.00
# Visual Studio Version 16
VisualStudioVersion = 16.0.31005.135
MinimumVisualStudioVersion = 10.0.40219.1
Project("{2150E333-8FDC-42A3-9474-1A3956D46DE8}") = "1-Presentation", "1-Presentation", "{3A60B852-594A-44C4-9B9C-D90EED68020D}"
EndProject
Project("{2150E333-8FDC-42A3-9474-1A3956D46DE8}") = "2-Services", "2-Services", "{11A82DAE-77AE-4AB1-BF05-C040EF22B012}"
EndProject
Project("{2150E333-8FDC-42A3-9474-1A3956D46DE8}") = "3-Aplication", "3-Aplication", "{33CA4E68-09CD-465C-AFF9-0857A3D36163}"
EndProject
Project("{2150E333-8FDC-42A3-9474-1A3956D46DE8}") = "4-Domain", "4-Domain", "{913C6C6F-AA85-4EBF-9F0C-31E8491DCF48}"
EndProject
Project("{2150E333-8FDC-42A3-9474-1A3956D46DE8}") = "5-Infra", "5-Infra", "{52B4C593-68F2-4398-8A26-F4712880D1B1}"
EndProject
Project("{2150E333-8FDC-42A3-9474-1A3956D46DE8}") = "src", "src", "{535BD169-A239-4917-BE15-DF2AFB4B4406}"
EndProject
Project("{2150E333-8FDC-42A3-9474-1A3956D46DE8}") = "tests", "tests", "{579D3AC2-32A5-4732-9866-2ACB7AD050FB}"
EndProject
Project("{9A19103F-16F7-4668-BE54-9A1E7A4F7556}") = "ToDo.Domain", "src\4-Domain\ToDo.Domain\ToDo.Domain.csproj", "{C01FBAF2-21EE-4BA9-863E-2A34DA978160}"
EndProject
Project("{9A19103F-16F7-4668-BE54-9A1E7A4F7556}") = "ToDo.Application", "src\3-Aplication\ToDo.Application\ToDo.Application.csproj", "{BA449343-E65E-49BB-8878-91AF13658D00}"
EndProject
Project("{9A19103F-16F7-4668-BE54-9A1E7A4F7556}") = "ToDo.Infrastructure.Data", "src\5-Infra\ToDo.Infrastructure.Data\ToDo.Infrastructure.Data.csproj", "{FE7E3773-6D1E-468C-BF6C-238DB5CFEB32}"
EndProject
Project("{9A19103F-16F7-4668-BE54-9A1E7A4F7556}") = "ToDo.Infrastructure.IoC", "src\5-Infra\ToDo.Infrastructure.IoC\ToDo.Infrastructure.IoC.csproj", "{EA9EFC35-953E-478C-9ABF-1E976E2B53AB}"
EndProject
Project("{9A19103F-16F7-4668-BE54-9A1E7A4F7556}") = "ToDo.Api", "src\2-Services\ToDo.Api\ToDo.Api.csproj", "{822B495F-B14F-4FCA-8478-657C4F8AC02E}"
EndProject
Project("{9A19103F-16F7-4668-BE54-9A1E7A4F7556}") = "TestProject", "tests\TestProject\TestProject.csproj", "{1099A063-8429-47F7-B028-C3AA55C9461E}"
EndProject
Project("{E53339B2-1760-4266-BCC7-CA923CBCF16C}") = "docker-compose", "docker-compose.dcproj", "{D41C1C8C-A132-468B-B6EC-F38FBD264E1E}"
EndProject
Global
	GlobalSection(SolutionConfigurationPlatforms) = preSolution
		Debug|Any CPU = Debug|Any CPU
		Release|Any CPU = Release|Any CPU
	EndGlobalSection
	GlobalSection(ProjectConfigurationPlatforms) = postSolution
		{C01FBAF2-21EE-4BA9-863E-2A34DA978160}.Debug|Any CPU.ActiveCfg = Debug|Any CPU
		{C01FBAF2-21EE-4BA9-863E-2A34DA978160}.Debug|Any CPU.Build.0 = Debug|Any CPU
		{C01FBAF2-21EE-4BA9-863E-2A34DA978160}.Release|Any CPU.ActiveCfg = Release|Any CPU
		{C01FBAF2-21EE-4BA9-863E-2A34DA978160}.Release|Any CPU.Build.0 = Release|Any CPU
		{BA449343-E65E-49BB-8878-91AF13658D00}.Debug|Any CPU.ActiveCfg = Debug|Any CPU
		{BA449343-E65E-49BB-8878-91AF13658D00}.Debug|Any CPU.Build.0 = Debug|Any CPU
		{BA449343-E65E-49BB-8878-91AF13658D00}.Release|Any CPU.ActiveCfg = Release|Any CPU
		{BA449343-E65E-49BB-8878-91AF13658D00}.Release|Any CPU.Build.0 = Release|Any CPU
		{FE7E3773-6D1E-468C-BF6C-238DB5CFEB32}.Debug|Any CPU.ActiveCfg = Debug|Any CPU
		{FE7E3773-6D1E-468C-BF6C-238DB5CFEB32}.Debug|Any CPU.Build.0 = Debug|Any CPU
		{FE7E3773-6D1E-468C-BF6C-238DB5CFEB32}.Release|Any CPU.ActiveCfg = Release|Any CPU
		{FE7E3773-6D1E-468C-BF6C-238DB5CFEB32}.Release|Any CPU.Build.0 = Release|Any CPU
		{EA9EFC35-953E-478C-9ABF-1E976E2B53AB}.Debug|Any CPU.ActiveCfg = Debug|Any CPU
		{EA9EFC35-953E-478C-9ABF-1E976E2B53AB}.Debug|Any CPU.Build.0 = Debug|Any CPU
		{EA9EFC35-953E-478C-9ABF-1E976E2B53AB}.Release|Any CPU.ActiveCfg = Release|Any CPU
		{EA9EFC35-953E-478C-9ABF-1E976E2B53AB}.Release|Any CPU.Build.0 = Release|Any CPU
		{822B495F-B14F-4FCA-8478-657C4F8AC02E}.Debug|Any CPU.ActiveCfg = Debug|Any CPU
		{822B495F-B14F-4FCA-8478-657C4F8AC02E}.Debug|Any CPU.Build.0 = Debug|Any CPU
		{822B495F-B14F-4FCA-8478-657C4F8AC02E}.Release|Any CPU.ActiveCfg = Release|Any CPU
		{822B495F-B14F-4FCA-8478-657C4F8AC02E}.Release|Any CPU.Build.0 = Release|Any CPU
		{1099A063-8429-47F7-B028-C3AA55C9461E}.Debug|Any CPU.ActiveCfg = Debug|Any CPU
		{1099A063-8429-47F7-B028-C3AA55C9461E}.Debug|Any CPU.Build.0 = Debug|Any CPU
		{1099A063-8429-47F7-B028-C3AA55C9461E}.Release|Any CPU.ActiveCfg = Release|Any CPU
		{1099A063-8429-47F7-B028-C3AA55C9461E}.Release|Any CPU.Build.0 = Release|Any CPU
		{D41C1C8C-A132-468B-B6EC-F38FBD264E1E}.Debug|Any CPU.ActiveCfg = Debug|Any CPU
		{D41C1C8C-A132-468B-B6EC-F38FBD264E1E}.Debug|Any CPU.Build.0 = Debug|Any CPU
		{D41C1C8C-A132-468B-B6EC-F38FBD264E1E}.Release|Any CPU.ActiveCfg = Release|Any CPU
		{D41C1C8C-A132-468B-B6EC-F38FBD264E1E}.Release|Any CPU.Build.0 = Release|Any CPU
	EndGlobalSection
	GlobalSection(SolutionProperties) = preSolution
		HideSolutionNode = FALSE
	EndGlobalSection
	GlobalSection(NestedProjects) = preSolution
		{3A60B852-594A-44C4-9B9C-D90EED68020D} = {535BD169-A239-4917-BE15-DF2AFB4B4406}
		{11A82DAE-77AE-4AB1-BF05-C040EF22B012} = {535BD169-A239-4917-BE15-DF2AFB4B4406}
		{33CA4E68-09CD-465C-AFF9-0857A3D36163} = {535BD169-A239-4917-BE15-DF2AFB4B4406}
		{913C6C6F-AA85-4EBF-9F0C-31E8491DCF48} = {535BD169-A239-4917-BE15-DF2AFB4B4406}
		{52B4C593-68F2-4398-8A26-F4712880D1B1} = {535BD169-A239-4917-BE15-DF2AFB4B4406}
		{C01FBAF2-21EE-4BA9-863E-2A34DA978160} = {913C6C6F-AA85-4EBF-9F0C-31E8491DCF48}
		{BA449343-E65E-49BB-8878-91AF13658D00} = {33CA4E68-09CD-465C-AFF9-0857A3D36163}
		{FE7E3773-6D1E-468C-BF6C-238DB5CFEB32} = {52B4C593-68F2-4398-8A26-F4712880D1B1}
		{EA9EFC35-953E-478C-9ABF-1E976E2B53AB} = {52B4C593-68F2-4398-8A26-F4712880D1B1}
		{822B495F-B14F-4FCA-8478-657C4F8AC02E} = {11A82DAE-77AE-4AB1-BF05-C040EF22B012}
		{1099A063-8429-47F7-B028-C3AA55C9461E} = {579D3AC2-32A5-4732-9866-2ACB7AD050FB}
	EndGlobalSection
	GlobalSection(ExtensibilityGlobals) = postSolution
		SolutionGuid = {D5E4BBCF-B75D-43F7-BAD1-4766BF1F43D6}
	EndGlobalSection
EndGlobal
